// !$*UTF8*$!
{
	archiveVersion = 1;
	classes = {
	};
	objectVersion = 50;
	objects = {

/* Begin PBXBuildFile section */
		4F4FA85424683D41004CFB52 /* AppDelegate.swift in Sources */ = {isa = PBXBuildFile; fileRef = 4F4FA85324683D41004CFB52 /* AppDelegate.swift */; };
		4F4FA85B24683D41004CFB52 /* Main.storyboard in Resources */ = {isa = PBXBuildFile; fileRef = 4F4FA85924683D41004CFB52 /* Main.storyboard */; };
		4F4FA85D24683D46004CFB52 /* Assets.xcassets in Resources */ = {isa = PBXBuildFile; fileRef = 4F4FA85C24683D46004CFB52 /* Assets.xcassets */; };
		4F4FA86024683D46004CFB52 /* LaunchScreen.storyboard in Resources */ = {isa = PBXBuildFile; fileRef = 4F4FA85E24683D46004CFB52 /* LaunchScreen.storyboard */; };
		4F4FA86B24683D46004CFB52 /* DarkSkyWeatherTests.swift in Sources */ = {isa = PBXBuildFile; fileRef = 4F4FA86A24683D46004CFB52 /* DarkSkyWeatherTests.swift */; };
		4F4FA87724683D88004CFB52 /* DarkSkyService.swift in Sources */ = {isa = PBXBuildFile; fileRef = 4F4FA87624683D88004CFB52 /* DarkSkyService.swift */; };
		4F4FA87A24683DD5004CFB52 /* WeatherViewController.swift in Sources */ = {isa = PBXBuildFile; fileRef = 4F4FA87924683DD5004CFB52 /* WeatherViewController.swift */; };
		4F4FA87D24683E14004CFB52 /* WeatherModel.swift in Sources */ = {isa = PBXBuildFile; fileRef = 4F4FA87C24683E14004CFB52 /* WeatherModel.swift */; };
		4F4FA87F2468424B004CFB52 /* CurrentlyWeatherModel.swift in Sources */ = {isa = PBXBuildFile; fileRef = 4F4FA87E2468424B004CFB52 /* CurrentlyWeatherModel.swift */; };
		4F4FA8822469B636004CFB52 /* CoreLocation.framework in Frameworks */ = {isa = PBXBuildFile; fileRef = 4F4FA8812469B636004CFB52 /* CoreLocation.framework */; };
		4F4FA8852469C8C1004CFB52 /* WeatherViewModel.swift in Sources */ = {isa = PBXBuildFile; fileRef = 4F4FA8842469C8C1004CFB52 /* WeatherViewModel.swift */; };
		4F4FA8882469E7BF004CFB52 /* Box.swift in Sources */ = {isa = PBXBuildFile; fileRef = 4F4FA8872469E7BF004CFB52 /* Box.swift */; };
		4F4FA88A2469F4F9004CFB52 /* FormatterUtilities.swift in Sources */ = {isa = PBXBuildFile; fileRef = 4F4FA8892469F4F9004CFB52 /* FormatterUtilities.swift */; };
		4FE2D7DB246A2A9300089804 /* DarkSkyServiceProtocol.swift in Sources */ = {isa = PBXBuildFile; fileRef = 4FE2D7DA246A2A9300089804 /* DarkSkyServiceProtocol.swift */; };
		4FE2D7DE246A2B0300089804 /* MockDarkSkyService.swift in Sources */ = {isa = PBXBuildFile; fileRef = 4FE2D7DD246A2B0300089804 /* MockDarkSkyService.swift */; };
/* End PBXBuildFile section */

/* Begin PBXContainerItemProxy section */
		4F4FA86724683D46004CFB52 /* PBXContainerItemProxy */ = {
			isa = PBXContainerItemProxy;
			containerPortal = 4F4FA84824683D41004CFB52 /* Project object */;
			proxyType = 1;
			remoteGlobalIDString = 4F4FA84F24683D41004CFB52;
			remoteInfo = DarkSkyWeather;
		};
/* End PBXContainerItemProxy section */

/* Begin PBXFileReference section */
		4F4FA85024683D41004CFB52 /* DarkSkyWeather.app */ = {isa = PBXFileReference; explicitFileType = wrapper.application; includeInIndex = 0; path = DarkSkyWeather.app; sourceTree = BUILT_PRODUCTS_DIR; };
		4F4FA85324683D41004CFB52 /* AppDelegate.swift */ = {isa = PBXFileReference; lastKnownFileType = sourcecode.swift; path = AppDelegate.swift; sourceTree = "<group>"; };
		4F4FA85A24683D41004CFB52 /* Base */ = {isa = PBXFileReference; lastKnownFileType = file.storyboard; name = Base; path = Base.lproj/Main.storyboard; sourceTree = "<group>"; };
		4F4FA85C24683D46004CFB52 /* Assets.xcassets */ = {isa = PBXFileReference; lastKnownFileType = folder.assetcatalog; path = Assets.xcassets; sourceTree = "<group>"; };
		4F4FA85F24683D46004CFB52 /* Base */ = {isa = PBXFileReference; lastKnownFileType = file.storyboard; name = Base; path = Base.lproj/LaunchScreen.storyboard; sourceTree = "<group>"; };
		4F4FA86124683D46004CFB52 /* Info.plist */ = {isa = PBXFileReference; lastKnownFileType = text.plist.xml; path = Info.plist; sourceTree = "<group>"; };
		4F4FA86624683D46004CFB52 /* DarkSkyWeatherTests.xctest */ = {isa = PBXFileReference; explicitFileType = wrapper.cfbundle; includeInIndex = 0; path = DarkSkyWeatherTests.xctest; sourceTree = BUILT_PRODUCTS_DIR; };
		4F4FA86A24683D46004CFB52 /* DarkSkyWeatherTests.swift */ = {isa = PBXFileReference; lastKnownFileType = sourcecode.swift; path = DarkSkyWeatherTests.swift; sourceTree = "<group>"; };
		4F4FA86C24683D46004CFB52 /* Info.plist */ = {isa = PBXFileReference; lastKnownFileType = text.plist.xml; path = Info.plist; sourceTree = "<group>"; };
		4F4FA87624683D88004CFB52 /* DarkSkyService.swift */ = {isa = PBXFileReference; lastKnownFileType = sourcecode.swift; path = DarkSkyService.swift; sourceTree = "<group>"; };
		4F4FA87924683DD5004CFB52 /* WeatherViewController.swift */ = {isa = PBXFileReference; lastKnownFileType = sourcecode.swift; path = WeatherViewController.swift; sourceTree = "<group>"; };
		4F4FA87C24683E14004CFB52 /* WeatherModel.swift */ = {isa = PBXFileReference; lastKnownFileType = sourcecode.swift; path = WeatherModel.swift; sourceTree = "<group>"; };
		4F4FA87E2468424B004CFB52 /* CurrentlyWeatherModel.swift */ = {isa = PBXFileReference; lastKnownFileType = sourcecode.swift; path = CurrentlyWeatherModel.swift; sourceTree = "<group>"; };
		4F4FA8812469B636004CFB52 /* CoreLocation.framework */ = {isa = PBXFileReference; lastKnownFileType = wrapper.framework; name = CoreLocation.framework; path = System/Library/Frameworks/CoreLocation.framework; sourceTree = SDKROOT; };
		4F4FA8842469C8C1004CFB52 /* WeatherViewModel.swift */ = {isa = PBXFileReference; lastKnownFileType = sourcecode.swift; path = WeatherViewModel.swift; sourceTree = "<group>"; };
		4F4FA8872469E7BF004CFB52 /* Box.swift */ = {isa = PBXFileReference; lastKnownFileType = sourcecode.swift; path = Box.swift; sourceTree = "<group>"; };
		4F4FA8892469F4F9004CFB52 /* FormatterUtilities.swift */ = {isa = PBXFileReference; lastKnownFileType = sourcecode.swift; path = FormatterUtilities.swift; sourceTree = "<group>"; };
		4FE2D7DA246A2A9300089804 /* DarkSkyServiceProtocol.swift */ = {isa = PBXFileReference; lastKnownFileType = sourcecode.swift; path = DarkSkyServiceProtocol.swift; sourceTree = "<group>"; };
		4FE2D7DD246A2B0300089804 /* MockDarkSkyService.swift */ = {isa = PBXFileReference; lastKnownFileType = sourcecode.swift; path = MockDarkSkyService.swift; sourceTree = "<group>"; };
/* End PBXFileReference section */

/* Begin PBXFrameworksBuildPhase section */
		4F4FA84D24683D41004CFB52 /* Frameworks */ = {
			isa = PBXFrameworksBuildPhase;
			buildActionMask = 2147483647;
			files = (
				4F4FA8822469B636004CFB52 /* CoreLocation.framework in Frameworks */,
			);
			runOnlyForDeploymentPostprocessing = 0;
		};
		4F4FA86324683D46004CFB52 /* Frameworks */ = {
			isa = PBXFrameworksBuildPhase;
			buildActionMask = 2147483647;
			files = (
			);
			runOnlyForDeploymentPostprocessing = 0;
		};
/* End PBXFrameworksBuildPhase section */

/* Begin PBXGroup section */
		4F4FA84724683D41004CFB52 = {
			isa = PBXGroup;
			children = (
				4F4FA85224683D41004CFB52 /* DarkSkyWeather */,
				4F4FA86924683D46004CFB52 /* DarkSkyWeatherTests */,
				4F4FA85124683D41004CFB52 /* Products */,
				4F4FA8802469B636004CFB52 /* Frameworks */,
			);
			sourceTree = "<group>";
		};
		4F4FA85124683D41004CFB52 /* Products */ = {
			isa = PBXGroup;
			children = (
				4F4FA85024683D41004CFB52 /* DarkSkyWeather.app */,
				4F4FA86624683D46004CFB52 /* DarkSkyWeatherTests.xctest */,
			);
			name = Products;
			sourceTree = "<group>";
		};
		4F4FA85224683D41004CFB52 /* DarkSkyWeather */ = {
			isa = PBXGroup;
			children = (
				4F4FA87B24683DDC004CFB52 /* Models */,
				4F4FA8832469C882004CFB52 /* ViewModels */,
				4F4FA87824683DA3004CFB52 /* ViewControllers */,
				4F4FA87524683D68004CFB52 /* Services */,
				4F4FA8862469E7A3004CFB52 /* Utilities */,
				4FE2D7D9246A2A6600089804 /* Protocols */,
				4F4FA85324683D41004CFB52 /* AppDelegate.swift */,
				4F4FA85924683D41004CFB52 /* Main.storyboard */,
				4F4FA85C24683D46004CFB52 /* Assets.xcassets */,
				4F4FA85E24683D46004CFB52 /* LaunchScreen.storyboard */,
				4F4FA86124683D46004CFB52 /* Info.plist */,
			);
			path = DarkSkyWeather;
			sourceTree = "<group>";
		};
		4F4FA86924683D46004CFB52 /* DarkSkyWeatherTests */ = {
			isa = PBXGroup;
			children = (
				4FE2D7DC246A2AEB00089804 /* Mocks */,
				4F4FA86A24683D46004CFB52 /* DarkSkyWeatherTests.swift */,
				4F4FA86C24683D46004CFB52 /* Info.plist */,
			);
			path = DarkSkyWeatherTests;
			sourceTree = "<group>";
		};
		4F4FA87524683D68004CFB52 /* Services */ = {
			isa = PBXGroup;
			children = (
				4F4FA87624683D88004CFB52 /* DarkSkyService.swift */,
			);
			path = Services;
			sourceTree = "<group>";
		};
		4F4FA87824683DA3004CFB52 /* ViewControllers */ = {
			isa = PBXGroup;
			children = (
				4F4FA87924683DD5004CFB52 /* WeatherViewController.swift */,
			);
			path = ViewControllers;
			sourceTree = "<group>";
		};
		4F4FA87B24683DDC004CFB52 /* Models */ = {
			isa = PBXGroup;
			children = (
				4F4FA87C24683E14004CFB52 /* WeatherModel.swift */,
				4F4FA87E2468424B004CFB52 /* CurrentlyWeatherModel.swift */,
			);
			path = Models;
			sourceTree = "<group>";
		};
		4F4FA8802469B636004CFB52 /* Frameworks */ = {
			isa = PBXGroup;
			children = (
				4F4FA8812469B636004CFB52 /* CoreLocation.framework */,
			);
			name = Frameworks;
			sourceTree = "<group>";
		};
		4F4FA8832469C882004CFB52 /* ViewModels */ = {
			isa = PBXGroup;
			children = (
				4F4FA8842469C8C1004CFB52 /* WeatherViewModel.swift */,
			);
			path = ViewModels;
			sourceTree = "<group>";
		};
		4F4FA8862469E7A3004CFB52 /* Utilities */ = {
			isa = PBXGroup;
			children = (
				4F4FA8872469E7BF004CFB52 /* Box.swift */,
				4F4FA8892469F4F9004CFB52 /* FormatterUtilities.swift */,
			);
			path = Utilities;
			sourceTree = "<group>";
		};
		4FE2D7D9246A2A6600089804 /* Protocols */ = {
			isa = PBXGroup;
			children = (
				4FE2D7DA246A2A9300089804 /* DarkSkyServiceProtocol.swift */,
			);
			path = Protocols;
			sourceTree = "<group>";
		};
		4FE2D7DC246A2AEB00089804 /* Mocks */ = {
			isa = PBXGroup;
			children = (
				4FE2D7DD246A2B0300089804 /* MockDarkSkyService.swift */,
			);
			path = Mocks;
			sourceTree = "<group>";
		};
/* End PBXGroup section */

/* Begin PBXNativeTarget section */
		4F4FA84F24683D41004CFB52 /* DarkSkyWeather */ = {
			isa = PBXNativeTarget;
			buildConfigurationList = 4F4FA86F24683D46004CFB52 /* Build configuration list for PBXNativeTarget "DarkSkyWeather" */;
			buildPhases = (
				4F4FA84C24683D41004CFB52 /* Sources */,
				4F4FA84D24683D41004CFB52 /* Frameworks */,
				4F4FA84E24683D41004CFB52 /* Resources */,
			);
			buildRules = (
			);
			dependencies = (
			);
			name = DarkSkyWeather;
			productName = DarkSkyWeather;
			productReference = 4F4FA85024683D41004CFB52 /* DarkSkyWeather.app */;
			productType = "com.apple.product-type.application";
		};
		4F4FA86524683D46004CFB52 /* DarkSkyWeatherTests */ = {
			isa = PBXNativeTarget;
			buildConfigurationList = 4F4FA87224683D46004CFB52 /* Build configuration list for PBXNativeTarget "DarkSkyWeatherTests" */;
			buildPhases = (
				4F4FA86224683D46004CFB52 /* Sources */,
				4F4FA86324683D46004CFB52 /* Frameworks */,
				4F4FA86424683D46004CFB52 /* Resources */,
			);
			buildRules = (
			);
			dependencies = (
				4F4FA86824683D46004CFB52 /* PBXTargetDependency */,
			);
			name = DarkSkyWeatherTests;
			productName = DarkSkyWeatherTests;
			productReference = 4F4FA86624683D46004CFB52 /* DarkSkyWeatherTests.xctest */;
			productType = "com.apple.product-type.bundle.unit-test";
		};
/* End PBXNativeTarget section */

/* Begin PBXProject section */
		4F4FA84824683D41004CFB52 /* Project object */ = {
			isa = PBXProject;
			attributes = {
				LastSwiftUpdateCheck = 1130;
				LastUpgradeCheck = 1130;
				ORGANIZATIONNAME = Ignacio;
				TargetAttributes = {
					4F4FA84F24683D41004CFB52 = {
						CreatedOnToolsVersion = 11.3.1;
					};
					4F4FA86524683D46004CFB52 = {
						CreatedOnToolsVersion = 11.3.1;
						TestTargetID = 4F4FA84F24683D41004CFB52;
					};
				};
			};
			buildConfigurationList = 4F4FA84B24683D41004CFB52 /* Build configuration list for PBXProject "DarkSkyWeather" */;
			compatibilityVersion = "Xcode 9.3";
			developmentRegion = en;
			hasScannedForEncodings = 0;
			knownRegions = (
				en,
				Base,
			);
			mainGroup = 4F4FA84724683D41004CFB52;
			productRefGroup = 4F4FA85124683D41004CFB52 /* Products */;
			projectDirPath = "";
			projectRoot = "";
			targets = (
				4F4FA84F24683D41004CFB52 /* DarkSkyWeather */,
				4F4FA86524683D46004CFB52 /* DarkSkyWeatherTests */,
			);
		};
/* End PBXProject section */

/* Begin PBXResourcesBuildPhase section */
		4F4FA84E24683D41004CFB52 /* Resources */ = {
			isa = PBXResourcesBuildPhase;
			buildActionMask = 2147483647;
			files = (
				4F4FA86024683D46004CFB52 /* LaunchScreen.storyboard in Resources */,
				4F4FA85D24683D46004CFB52 /* Assets.xcassets in Resources */,
				4F4FA85B24683D41004CFB52 /* Main.storyboard in Resources */,
			);
			runOnlyForDeploymentPostprocessing = 0;
		};
		4F4FA86424683D46004CFB52 /* Resources */ = {
			isa = PBXResourcesBuildPhase;
			buildActionMask = 2147483647;
			files = (
			);
			runOnlyForDeploymentPostprocessing = 0;
		};
/* End PBXResourcesBuildPhase section */

/* Begin PBXSourcesBuildPhase section */
		4F4FA84C24683D41004CFB52 /* Sources */ = {
			isa = PBXSourcesBuildPhase;
			buildActionMask = 2147483647;
			files = (
				4F4FA88A2469F4F9004CFB52 /* FormatterUtilities.swift in Sources */,
				4F4FA87A24683DD5004CFB52 /* WeatherViewController.swift in Sources */,
				4FE2D7DB246A2A9300089804 /* DarkSkyServiceProtocol.swift in Sources */,
				4F4FA8882469E7BF004CFB52 /* Box.swift in Sources */,
				4F4FA8852469C8C1004CFB52 /* WeatherViewModel.swift in Sources */,
				4F4FA87F2468424B004CFB52 /* CurrentlyWeatherModel.swift in Sources */,
				4F4FA87724683D88004CFB52 /* DarkSkyService.swift in Sources */,
				4F4FA85424683D41004CFB52 /* AppDelegate.swift in Sources */,
				4F4FA87D24683E14004CFB52 /* WeatherModel.swift in Sources */,
			);
			runOnlyForDeploymentPostprocessing = 0;
		};
		4F4FA86224683D46004CFB52 /* Sources */ = {
			isa = PBXSourcesBuildPhase;
			buildActionMask = 2147483647;
			files = (
				4F4FA86B24683D46004CFB52 /* DarkSkyWeatherTests.swift in Sources */,
				4FE2D7DE246A2B0300089804 /* MockDarkSkyService.swift in Sources */,
			);
			runOnlyForDeploymentPostprocessing = 0;
		};
/* End PBXSourcesBuildPhase section */

/* Begin PBXTargetDependency section */
		4F4FA86824683D46004CFB52 /* PBXTargetDependency */ = {
			isa = PBXTargetDependency;
			target = 4F4FA84F24683D41004CFB52 /* DarkSkyWeather */;
			targetProxy = 4F4FA86724683D46004CFB52 /* PBXContainerItemProxy */;
		};
/* End PBXTargetDependency section */

/* Begin PBXVariantGroup section */
		4F4FA85924683D41004CFB52 /* Main.storyboard */ = {
			isa = PBXVariantGroup;
			children = (
				4F4FA85A24683D41004CFB52 /* Base */,
			);
			name = Main.storyboard;
			sourceTree = "<group>";
		};
		4F4FA85E24683D46004CFB52 /* LaunchScreen.storyboard */ = {
			isa = PBXVariantGroup;
			children = (
				4F4FA85F24683D46004CFB52 /* Base */,
			);
			name = LaunchScreen.storyboard;
			sourceTree = "<group>";
		};
/* End PBXVariantGroup section */

/* Begin XCBuildConfiguration section */
		4F4FA86D24683D46004CFB52 /* Debug */ = {
			isa = XCBuildConfiguration;
			buildSettings = {
				ALWAYS_SEARCH_USER_PATHS = NO;
				CLANG_ANALYZER_NONNULL = YES;
				CLANG_ANALYZER_NUMBER_OBJECT_CONVERSION = YES_AGGRESSIVE;
				CLANG_CXX_LANGUAGE_STANDARD = "gnu++14";
				CLANG_CXX_LIBRARY = "libc++";
				CLANG_ENABLE_MODULES = YES;
				CLANG_ENABLE_OBJC_ARC = YES;
				CLANG_ENABLE_OBJC_WEAK = YES;
				CLANG_WARN_BLOCK_CAPTURE_AUTORELEASING = YES;
				CLANG_WARN_BOOL_CONVERSION = YES;
				CLANG_WARN_COMMA = YES;
				CLANG_WARN_CONSTANT_CONVERSION = YES;
				CLANG_WARN_DEPRECATED_OBJC_IMPLEMENTATIONS = YES;
				CLANG_WARN_DIRECT_OBJC_ISA_USAGE = YES_ERROR;
				CLANG_WARN_DOCUMENTATION_COMMENTS = YES;
				CLANG_WARN_EMPTY_BODY = YES;
				CLANG_WARN_ENUM_CONVERSION = YES;
				CLANG_WARN_INFINITE_RECURSION = YES;
				CLANG_WARN_INT_CONVERSION = YES;
				CLANG_WARN_NON_LITERAL_NULL_CONVERSION = YES;
				CLANG_WARN_OBJC_IMPLICIT_RETAIN_SELF = YES;
				CLANG_WARN_OBJC_LITERAL_CONVERSION = YES;
				CLANG_WARN_OBJC_ROOT_CLASS = YES_ERROR;
				CLANG_WARN_RANGE_LOOP_ANALYSIS = YES;
				CLANG_WARN_STRICT_PROTOTYPES = YES;
				CLANG_WARN_SUSPICIOUS_MOVE = YES;
				CLANG_WARN_UNGUARDED_AVAILABILITY = YES_AGGRESSIVE;
				CLANG_WARN_UNREACHABLE_CODE = YES;
				CLANG_WARN__DUPLICATE_METHOD_MATCH = YES;
				COPY_PHASE_STRIP = NO;
				DEBUG_INFORMATION_FORMAT = dwarf;
				ENABLE_STRICT_OBJC_MSGSEND = YES;
				ENABLE_TESTABILITY = YES;
				GCC_C_LANGUAGE_STANDARD = gnu11;
				GCC_DYNAMIC_NO_PIC = NO;
				GCC_NO_COMMON_BLOCKS = YES;
				GCC_OPTIMIZATION_LEVEL = 0;
				GCC_PREPROCESSOR_DEFINITIONS = (
					"DEBUG=1",
					"$(inherited)",
				);
				GCC_WARN_64_TO_32_BIT_CONVERSION = YES;
				GCC_WARN_ABOUT_RETURN_TYPE = YES_ERROR;
				GCC_WARN_UNDECLARED_SELECTOR = YES;
				GCC_WARN_UNINITIALIZED_AUTOS = YES_AGGRESSIVE;
				GCC_WARN_UNUSED_FUNCTION = YES;
				GCC_WARN_UNUSED_VARIABLE = YES;
				IPHONEOS_DEPLOYMENT_TARGET = 13.2;
				MTL_ENABLE_DEBUG_INFO = INCLUDE_SOURCE;
				MTL_FAST_MATH = YES;
				ONLY_ACTIVE_ARCH = YES;
				SDKROOT = iphoneos;
				SWIFT_ACTIVE_COMPILATION_CONDITIONS = DEBUG;
				SWIFT_OPTIMIZATION_LEVEL = "-Onone";
			};
			name = Debug;
		};
		4F4FA86E24683D46004CFB52 /* Release */ = {
			isa = XCBuildConfiguration;
			buildSettings = {
				ALWAYS_SEARCH_USER_PATHS = NO;
				CLANG_ANALYZER_NONNULL = YES;
				CLANG_ANALYZER_NUMBER_OBJECT_CONVERSION = YES_AGGRESSIVE;
				CLANG_CXX_LANGUAGE_STANDARD = "gnu++14";
				CLANG_CXX_LIBRARY = "libc++";
				CLANG_ENABLE_MODULES = YES;
				CLANG_ENABLE_OBJC_ARC = YES;
				CLANG_ENABLE_OBJC_WEAK = YES;
				CLANG_WARN_BLOCK_CAPTURE_AUTORELEASING = YES;
				CLANG_WARN_BOOL_CONVERSION = YES;
				CLANG_WARN_COMMA = YES;
				CLANG_WARN_CONSTANT_CONVERSION = YES;
				CLANG_WARN_DEPRECATED_OBJC_IMPLEMENTATIONS = YES;
				CLANG_WARN_DIRECT_OBJC_ISA_USAGE = YES_ERROR;
				CLANG_WARN_DOCUMENTATION_COMMENTS = YES;
				CLANG_WARN_EMPTY_BODY = YES;
				CLANG_WARN_ENUM_CONVERSION = YES;
				CLANG_WARN_INFINITE_RECURSION = YES;
				CLANG_WARN_INT_CONVERSION = YES;
				CLANG_WARN_NON_LITERAL_NULL_CONVERSION = YES;
				CLANG_WARN_OBJC_IMPLICIT_RETAIN_SELF = YES;
				CLANG_WARN_OBJC_LITERAL_CONVERSION = YES;
				CLANG_WARN_OBJC_ROOT_CLASS = YES_ERROR;
				CLANG_WARN_RANGE_LOOP_ANALYSIS = YES;
				CLANG_WARN_STRICT_PROTOTYPES = YES;
				CLANG_WARN_SUSPICIOUS_MOVE = YES;
				CLANG_WARN_UNGUARDED_AVAILABILITY = YES_AGGRESSIVE;
				CLANG_WARN_UNREACHABLE_CODE = YES;
				CLANG_WARN__DUPLICATE_METHOD_MATCH = YES;
				COPY_PHASE_STRIP = NO;
				DEBUG_INFORMATION_FORMAT = "dwarf-with-dsym";
				ENABLE_NS_ASSERTIONS = NO;
				ENABLE_STRICT_OBJC_MSGSEND = YES;
				GCC_C_LANGUAGE_STANDARD = gnu11;
				GCC_NO_COMMON_BLOCKS = YES;
				GCC_WARN_64_TO_32_BIT_CONVERSION = YES;
				GCC_WARN_ABOUT_RETURN_TYPE = YES_ERROR;
				GCC_WARN_UNDECLARED_SELECTOR = YES;
				GCC_WARN_UNINITIALIZED_AUTOS = YES_AGGRESSIVE;
				GCC_WARN_UNUSED_FUNCTION = YES;
				GCC_WARN_UNUSED_VARIABLE = YES;
				IPHONEOS_DEPLOYMENT_TARGET = 13.2;
				MTL_ENABLE_DEBUG_INFO = NO;
				MTL_FAST_MATH = YES;
				SDKROOT = iphoneos;
				SWIFT_COMPILATION_MODE = wholemodule;
				SWIFT_OPTIMIZATION_LEVEL = "-O";
				VALIDATE_PRODUCT = YES;
			};
			name = Release;
		};
		4F4FA87024683D46004CFB52 /* Debug */ = {
			isa = XCBuildConfiguration;
			buildSettings = {
				ASSETCATALOG_COMPILER_APPICON_NAME = AppIcon;
				CODE_SIGN_STYLE = Automatic;
				INFOPLIST_FILE = DarkSkyWeather/Info.plist;
				LD_RUNPATH_SEARCH_PATHS = (
					"$(inherited)",
					"@executable_path/Frameworks",
				);
				PRODUCT_BUNDLE_IDENTIFIER = Ignaciom6.DarkSkyWeather;
				PRODUCT_NAME = "$(TARGET_NAME)";
				SWIFT_VERSION = 5.0;
				TARGETED_DEVICE_FAMILY = "1,2";
			};
			name = Debug;
		};
		4F4FA87124683D46004CFB52 /* Release */ = {
			isa = XCBuildConfiguration;
			buildSettings = {
				ASSETCATALOG_COMPILER_APPICON_NAME = AppIcon;
				CODE_SIGN_STYLE = Automatic;
				INFOPLIST_FILE = DarkSkyWeather/Info.plist;
				LD_RUNPATH_SEARCH_PATHS = (
					"$(inherited)",
					"@executable_path/Frameworks",
				);
				PRODUCT_BUNDLE_IDENTIFIER = Ignaciom6.DarkSkyWeather;
				PRODUCT_NAME = "$(TARGET_NAME)";
				SWIFT_VERSION = 5.0;
				TARGETED_DEVICE_FAMILY = "1,2";
			};
			name = Release;
		};
		4F4FA87324683D46004CFB52 /* Debug */ = {
			isa = XCBuildConfiguration;
			buildSettings = {
				ALWAYS_EMBED_SWIFT_STANDARD_LIBRARIES = YES;
				BUNDLE_LOADER = "$(TEST_HOST)";
				CODE_SIGN_STYLE = Automatic;
				INFOPLIST_FILE = DarkSkyWeatherTests/Info.plist;
				IPHONEOS_DEPLOYMENT_TARGET = 13.2;
				LD_RUNPATH_SEARCH_PATHS = (
					"$(inherited)",
					"@executable_path/Frameworks",
					"@loader_path/Frameworks",
				);
				PRODUCT_BUNDLE_IDENTIFIER = Ignaciom6.DarkSkyWeatherTests;
				PRODUCT_NAME = "$(TARGET_NAME)";
				SWIFT_VERSION = 5.0;
				TARGETED_DEVICE_FAMILY = "1,2";
				TEST_HOST = "$(BUILT_PRODUCTS_DIR)/DarkSkyWeather.app/DarkSkyWeather";
			};
			name = Debug;
		};
		4F4FA87424683D46004CFB52 /* Release */ = {
			isa = XCBuildConfiguration;
			buildSettings = {
				ALWAYS_EMBED_SWIFT_STANDARD_LIBRARIES = YES;
				BUNDLE_LOADER = "$(TEST_HOST)";
				CODE_SIGN_STYLE = Automatic;
				INFOPLIST_FILE = DarkSkyWeatherTests/Info.plist;
				IPHONEOS_DEPLOYMENT_TARGET = 13.2;
				LD_RUNPATH_SEARCH_PATHS = (
					"$(inherited)",
					"@executable_path/Frameworks",
					"@loader_path/Frameworks",
				);
				PRODUCT_BUNDLE_IDENTIFIER = Ignaciom6.DarkSkyWeatherTests;
				PRODUCT_NAME = "$(TARGET_NAME)";
				SWIFT_VERSION = 5.0;
				TARGETED_DEVICE_FAMILY = "1,2";
				TEST_HOST = "$(BUILT_PRODUCTS_DIR)/DarkSkyWeather.app/DarkSkyWeather";
			};
			name = Release;
		};
/* End XCBuildConfiguration section */

/* Begin XCConfigurationList section */
		4F4FA84B24683D41004CFB52 /* Build configuration list for PBXProject "DarkSkyWeather" */ = {
			isa = XCConfigurationList;
			buildConfigurations = (
				4F4FA86D24683D46004CFB52 /* Debug */,
				4F4FA86E24683D46004CFB52 /* Release */,
			);
			defaultConfigurationIsVisible = 0;
			defaultConfigurationName = Release;
		};
		4F4FA86F24683D46004CFB52 /* Build configuration list for PBXNativeTarget "DarkSkyWeather" */ = {
			isa = XCConfigurationList;
			buildConfigurations = (
				4F4FA87024683D46004CFB52 /* Debug */,
				4F4FA87124683D46004CFB52 /* Release */,
			);
			defaultConfigurationIsVisible = 0;
			defaultConfigurationName = Release;
		};
		4F4FA87224683D46004CFB52 /* Build configuration list for PBXNativeTarget "DarkSkyWeatherTests" */ = {
			isa = XCConfigurationList;
			buildConfigurations = (
				4F4FA87324683D46004CFB52 /* Debug */,
				4F4FA87424683D46004CFB52 /* Release */,
			);
			defaultConfigurationIsVisible = 0;
			defaultConfigurationName = Release;
		};
/* End XCConfigurationList section */
	};
	rootObject = 4F4FA84824683D41004CFB52 /* Project object */;
}
